
Microsoft Visual Studio Solution File, Format Version 12.00
Project("{FAE04EC0-301F-11D3-BF4B-00C04F79EFBC}") = "section-to-json-converter", "section-to-json-converter.csproj", "{3A847FEC-C9BC-4B8C-B9EF-BBE3D7C8609C}"
EndProject
Global
	GlobalSection(SolutionConfigurationPlatforms) = preSolution
		Debug|Any CPU = Debug|Any CPU
		Release|Any CPU = Release|Any CPU
	EndGlobalSection
	GlobalSection(ProjectConfigurationPlatforms) = postSolution
		{3A847FEC-C9BC-4B8C-B9EF-BBE3D7C8609C}.Debug|Any CPU.ActiveCfg = Debug|Any CPU
		{3A847FEC-C9BC-4B8C-B9EF-BBE3D7C8609C}.Debug|Any CPU.Build.0 = Debug|Any CPU
		{3A847FEC-C9BC-4B8C-B9EF-BBE3D7C8609C}.Release|Any CPU.ActiveCfg = Release|Any CPU
		{3A847FEC-C9BC-4B8C-B9EF-BBE3D7C8609C}.Release|Any CPU.Build.0 = Release|Any CPU
	EndGlobalSection
EndGlobal
